<?xml version="1.0" encoding="UTF-8" standalone="yes" ?>
<CodeBlocks_project_file>
	<FileVersion major="1" minor="6" />
	<Project>
		<Option title="Imap" />
		<Option pch_mode="2" />
		<Option compiler="gcc" />
		<Build>
			<Target title="Debug">
				<Option output="bin/Debug/Imap" prefix_auto="1" extension_auto="1" />
				<Option object_output="obj/Debug/" />
				<Option type="1" />
				<Option compiler="gcc" />
				<Compiler>
					<Add option="-g" />
				</Compiler>
			</Target>
			<Target title="Release">
				<Option output="bin/Release/Imap" prefix_auto="1" extension_auto="1" />
				<Option object_output="obj/Release/" />
				<Option type="1" />
				<Option compiler="gcc" />
				<Compiler>
					<Add option="-O2" />
				</Compiler>
				<Linker>
					<Add option="-s" />
				</Linker>
			</Target>
		</Build>
		<Compiler>
			<Add option="-Wall" />
		</Compiler>
		<Unit filename="include/Command.h" />
		<Unit filename="include/LogoutCommand.h" />
		<Unit filename="include/NextCommand.h" />
		<Unit filename="include/PreviousCommand.h" />
		<Unit filename="include/ReadCommand.h" />
		<Unit filename="include/SSL.h" />
		<Unit filename="include/imap.h" />
		<Unit filename="src/Command.cpp" />
		<Unit filename="src/LogoutCommand.cpp" />
		<Unit filename="src/NextCommand.cpp" />
		<Unit filename="src/PreviousCommand.cpp" />
		<Unit filename="src/ReadCommand.cpp" />
		<Unit filename="src/SSL.cpp" />
		<Unit filename="src/imap.cpp" />
		<Extensions>
			<code_completion />
			<envvars />
			<debugger />
			<lib_finder disable_auto="1" />
		</Extensions>
	</Project>
</CodeBlocks_project_file>
